// !$*UTF8*$!
{
	archiveVersion = 1;
	classes = {
	};
	objectVersion = 46;
	objects = {

/* Begin PBXBuildFile section */
		344C5FC6C85C29F579F09EE0 /* Pods_countly_sdk_react_native_bridge.framework in Frameworks */ = {isa = PBXBuildFile; fileRef = 52A32C7845057DE3E24BABCA /* Pods_countly_sdk_react_native_bridge.framework */; };
		8B0E001F225527EA00C809EF /* CoreTelephony.framework in Frameworks */ = {isa = PBXBuildFile; fileRef = 8B0E001E225527EA00C809EF /* CoreTelephony.framework */; };
		8B0E0021225527F100C809EF /* OpenGLES.framework in Frameworks */ = {isa = PBXBuildFile; fileRef = 8B0E0020225527F100C809EF /* OpenGLES.framework */; };
		8B23E3372255198200807805 /* CountlyReactNative.m in Sources */ = {isa = PBXBuildFile; fileRef = 8B23E30A2255197B00807805 /* CountlyReactNative.m */; };
		8B7E63DC243DD1BA000BB76D /* CountlyCrashReporter.m in Sources */ = {isa = PBXBuildFile; fileRef = 8B7E63C3243DD1B7000BB76D /* CountlyCrashReporter.m */; };
		8B7E63DD243DD1BA000BB76D /* CountlyDeviceInfo.m in Sources */ = {isa = PBXBuildFile; fileRef = 8B7E63C4243DD1B7000BB76D /* CountlyDeviceInfo.m */; };
		8B7E63DE243DD1BA000BB76D /* CountlyCommon.m in Sources */ = {isa = PBXBuildFile; fileRef = 8B7E63C6243DD1B8000BB76D /* CountlyCommon.m */; };
		8B7E63DF243DD1BA000BB76D /* CountlyUserDetails.m in Sources */ = {isa = PBXBuildFile; fileRef = 8B7E63C7243DD1B8000BB76D /* CountlyUserDetails.m */; };
		8B7E63E0243DD1BA000BB76D /* CountlyPersistency.m in Sources */ = {isa = PBXBuildFile; fileRef = 8B7E63CC243DD1B8000BB76D /* CountlyPersistency.m */; };
		8B7E63E1243DD1BA000BB76D /* CountlyConnectionManager.m in Sources */ = {isa = PBXBuildFile; fileRef = 8B7E63CD243DD1B8000BB76D /* CountlyConnectionManager.m */; };
		8B7E63E2243DD1BA000BB76D /* CountlyEvent.m in Sources */ = {isa = PBXBuildFile; fileRef = 8B7E63CE243DD1B8000BB76D /* CountlyEvent.m */; };
		8B7E63E3243DD1BA000BB76D /* CountlyStarRating.m in Sources */ = {isa = PBXBuildFile; fileRef = 8B7E63CF243DD1B8000BB76D /* CountlyStarRating.m */; };
		8B7E63E4243DD1BA000BB76D /* CountlyViewTracking.m in Sources */ = {isa = PBXBuildFile; fileRef = 8B7E63D0243DD1B8000BB76D /* CountlyViewTracking.m */; };
		8B7E63E5243DD1BA000BB76D /* CountlyPushNotifications.m in Sources */ = {isa = PBXBuildFile; fileRef = 8B7E63D1243DD1B8000BB76D /* CountlyPushNotifications.m */; };
		8B7E63E6243DD1BA000BB76D /* CountlyConfig.m in Sources */ = {isa = PBXBuildFile; fileRef = 8B7E63D2243DD1B9000BB76D /* CountlyConfig.m */; };
		8B7E63E7243DD1BA000BB76D /* Countly.m in Sources */ = {isa = PBXBuildFile; fileRef = 8B7E63D4243DD1B9000BB76D /* Countly.m */; };
		8B7E63E8243DD1BA000BB76D /* CountlyLocationManager.m in Sources */ = {isa = PBXBuildFile; fileRef = 8B7E63D5243DD1B9000BB76D /* CountlyLocationManager.m */; };
		8B7E63E9243DD1BA000BB76D /* CountlyConsentManager.m in Sources */ = {isa = PBXBuildFile; fileRef = 8B7E63D6243DD1B9000BB76D /* CountlyConsentManager.m */; };
		8B7E63EA243DD1BA000BB76D /* CountlyRemoteConfig.m in Sources */ = {isa = PBXBuildFile; fileRef = 8B7E63D8243DD1B9000BB76D /* CountlyRemoteConfig.m */; };
		8B7E63EB243DD1BA000BB76D /* CountlyNotificationService.m in Sources */ = {isa = PBXBuildFile; fileRef = 8B7E63DA243DD1BA000BB76D /* CountlyNotificationService.m */; };
/* End PBXBuildFile section */

/* Begin PBXCopyFilesBuildPhase section */
		DA5891D61BA9A9FC002B4DB2 /* CopyFiles */ = {
			isa = PBXCopyFilesBuildPhase;
			buildActionMask = 2147483647;
			dstPath = "include/$(PRODUCT_NAME)";
			dstSubfolderSpec = 16;
			files = (
			);
			runOnlyForDeploymentPostprocessing = 0;
		};
/* End PBXCopyFilesBuildPhase section */

/* Begin PBXFileReference section */
		3CBC73E2DAF5C8B752B35AE3 /* Pods-countly-sdk-react-native-bridge.debug.xcconfig */ = {isa = PBXFileReference; includeInIndex = 1; lastKnownFileType = text.xcconfig; name = "Pods-countly-sdk-react-native-bridge.debug.xcconfig"; path = "Target Support Files/Pods-countly-sdk-react-native-bridge/Pods-countly-sdk-react-native-bridge.debug.xcconfig"; sourceTree = "<group>"; };
		52A32C7845057DE3E24BABCA /* Pods_countly_sdk_react_native_bridge.framework */ = {isa = PBXFileReference; explicitFileType = wrapper.framework; includeInIndex = 0; path = Pods_countly_sdk_react_native_bridge.framework; sourceTree = BUILT_PRODUCTS_DIR; };
		81E9EE645A50A0CF974ED6CB /* Pods-countly-sdk-react-native-bridge.release.xcconfig */ = {isa = PBXFileReference; includeInIndex = 1; lastKnownFileType = text.xcconfig; name = "Pods-countly-sdk-react-native-bridge.release.xcconfig"; path = "Target Support Files/Pods-countly-sdk-react-native-bridge/Pods-countly-sdk-react-native-bridge.release.xcconfig"; sourceTree = "<group>"; };
		8B0E001E225527EA00C809EF /* CoreTelephony.framework */ = {isa = PBXFileReference; lastKnownFileType = wrapper.framework; name = CoreTelephony.framework; path = System/Library/Frameworks/CoreTelephony.framework; sourceTree = SDKROOT; };
		8B0E0020225527F100C809EF /* OpenGLES.framework */ = {isa = PBXFileReference; lastKnownFileType = wrapper.framework; name = OpenGLES.framework; path = System/Library/Frameworks/OpenGLES.framework; sourceTree = SDKROOT; };
		8B23E30A2255197B00807805 /* CountlyReactNative.m */ = {isa = PBXFileReference; fileEncoding = 4; lastKnownFileType = sourcecode.c.objc; path = CountlyReactNative.m; sourceTree = "<group>"; };
		8B23E31A2255197D00807805 /* CountlyReactNative.h */ = {isa = PBXFileReference; fileEncoding = 4; lastKnownFileType = sourcecode.c.h; path = CountlyReactNative.h; sourceTree = "<group>"; };
		8B7E63BC243DD1B7000BB76D /* CountlyEvent.h */ = {isa = PBXFileReference; fileEncoding = 4; lastKnownFileType = sourcecode.c.h; name = CountlyEvent.h; path = Pods/Countly/CountlyEvent.h; sourceTree = SOURCE_ROOT; };
		8B7E63BD243DD1B7000BB76D /* CountlyViewTracking.h */ = {isa = PBXFileReference; fileEncoding = 4; lastKnownFileType = sourcecode.c.h; name = CountlyViewTracking.h; path = Pods/Countly/CountlyViewTracking.h; sourceTree = SOURCE_ROOT; };
		8B7E63BE243DD1B7000BB76D /* Countly.h */ = {isa = PBXFileReference; fileEncoding = 4; lastKnownFileType = sourcecode.c.h; name = Countly.h; path = Pods/Countly/Countly.h; sourceTree = SOURCE_ROOT; };
		8B7E63BF243DD1B7000BB76D /* CountlyPersistency.h */ = {isa = PBXFileReference; fileEncoding = 4; lastKnownFileType = sourcecode.c.h; name = CountlyPersistency.h; path = Pods/Countly/CountlyPersistency.h; sourceTree = SOURCE_ROOT; };
		8B7E63C0243DD1B7000BB76D /* CountlyStarRating.h */ = {isa = PBXFileReference; fileEncoding = 4; lastKnownFileType = sourcecode.c.h; name = CountlyStarRating.h; path = Pods/Countly/CountlyStarRating.h; sourceTree = SOURCE_ROOT; };
		8B7E63C1243DD1B7000BB76D /* CountlyRemoteConfig.h */ = {isa = PBXFileReference; fileEncoding = 4; lastKnownFileType = sourcecode.c.h; name = CountlyRemoteConfig.h; path = Pods/Countly/CountlyRemoteConfig.h; sourceTree = SOURCE_ROOT; };
		8B7E63C2243DD1B7000BB76D /* CountlyConfig.h */ = {isa = PBXFileReference; fileEncoding = 4; lastKnownFileType = sourcecode.c.h; name = CountlyConfig.h; path = Pods/Countly/CountlyConfig.h; sourceTree = SOURCE_ROOT; };
		8B7E63C3243DD1B7000BB76D /* CountlyCrashReporter.m */ = {isa = PBXFileReference; fileEncoding = 4; lastKnownFileType = sourcecode.c.objc; name = CountlyCrashReporter.m; path = Pods/Countly/CountlyCrashReporter.m; sourceTree = SOURCE_ROOT; };
		8B7E63C4243DD1B7000BB76D /* CountlyDeviceInfo.m */ = {isa = PBXFileReference; fileEncoding = 4; lastKnownFileType = sourcecode.c.objc; name = CountlyDeviceInfo.m; path = Pods/Countly/CountlyDeviceInfo.m; sourceTree = SOURCE_ROOT; };
		8B7E63C5243DD1B7000BB76D /* CountlyLocationManager.h */ = {isa = PBXFileReference; fileEncoding = 4; lastKnownFileType = sourcecode.c.h; name = CountlyLocationManager.h; path = Pods/Countly/CountlyLocationManager.h; sourceTree = SOURCE_ROOT; };
		8B7E63C6243DD1B8000BB76D /* CountlyCommon.m */ = {isa = PBXFileReference; fileEncoding = 4; lastKnownFileType = sourcecode.c.objc; name = CountlyCommon.m; path = Pods/Countly/CountlyCommon.m; sourceTree = SOURCE_ROOT; };
		8B7E63C7243DD1B8000BB76D /* CountlyUserDetails.m */ = {isa = PBXFileReference; fileEncoding = 4; lastKnownFileType = sourcecode.c.objc; name = CountlyUserDetails.m; path = Pods/Countly/CountlyUserDetails.m; sourceTree = SOURCE_ROOT; };
		8B7E63C8243DD1B8000BB76D /* CountlyCommon.h */ = {isa = PBXFileReference; fileEncoding = 4; lastKnownFileType = sourcecode.c.h; name = CountlyCommon.h; path = Pods/Countly/CountlyCommon.h; sourceTree = SOURCE_ROOT; };
		8B7E63C9243DD1B8000BB76D /* CountlyConnectionManager.h */ = {isa = PBXFileReference; fileEncoding = 4; lastKnownFileType = sourcecode.c.h; name = CountlyConnectionManager.h; path = Pods/Countly/CountlyConnectionManager.h; sourceTree = SOURCE_ROOT; };
		8B7E63CA243DD1B8000BB76D /* CountlyCrashReporter.h */ = {isa = PBXFileReference; fileEncoding = 4; lastKnownFileType = sourcecode.c.h; name = CountlyCrashReporter.h; path = Pods/Countly/CountlyCrashReporter.h; sourceTree = SOURCE_ROOT; };
		8B7E63CB243DD1B8000BB76D /* CountlyConsentManager.h */ = {isa = PBXFileReference; fileEncoding = 4; lastKnownFileType = sourcecode.c.h; name = CountlyConsentManager.h; path = Pods/Countly/CountlyConsentManager.h; sourceTree = SOURCE_ROOT; };
		8B7E63CC243DD1B8000BB76D /* CountlyPersistency.m */ = {isa = PBXFileReference; fileEncoding = 4; lastKnownFileType = sourcecode.c.objc; name = CountlyPersistency.m; path = Pods/Countly/CountlyPersistency.m; sourceTree = SOURCE_ROOT; };
		8B7E63CD243DD1B8000BB76D /* CountlyConnectionManager.m */ = {isa = PBXFileReference; fileEncoding = 4; lastKnownFileType = sourcecode.c.objc; name = CountlyConnectionManager.m; path = Pods/Countly/CountlyConnectionManager.m; sourceTree = SOURCE_ROOT; };
		8B7E63CE243DD1B8000BB76D /* CountlyEvent.m */ = {isa = PBXFileReference; fileEncoding = 4; lastKnownFileType = sourcecode.c.objc; name = CountlyEvent.m; path = Pods/Countly/CountlyEvent.m; sourceTree = SOURCE_ROOT; };
		8B7E63CF243DD1B8000BB76D /* CountlyStarRating.m */ = {isa = PBXFileReference; fileEncoding = 4; lastKnownFileType = sourcecode.c.objc; name = CountlyStarRating.m; path = Pods/Countly/CountlyStarRating.m; sourceTree = SOURCE_ROOT; };
		8B7E63D0243DD1B8000BB76D /* CountlyViewTracking.m */ = {isa = PBXFileReference; fileEncoding = 4; lastKnownFileType = sourcecode.c.objc; name = CountlyViewTracking.m; path = Pods/Countly/CountlyViewTracking.m; sourceTree = SOURCE_ROOT; };
		8B7E63D1243DD1B8000BB76D /* CountlyPushNotifications.m */ = {isa = PBXFileReference; fileEncoding = 4; lastKnownFileType = sourcecode.c.objc; name = CountlyPushNotifications.m; path = Pods/Countly/CountlyPushNotifications.m; sourceTree = SOURCE_ROOT; };
		8B7E63D2243DD1B9000BB76D /* CountlyConfig.m */ = {isa = PBXFileReference; fileEncoding = 4; lastKnownFileType = sourcecode.c.objc; name = CountlyConfig.m; path = Pods/Countly/CountlyConfig.m; sourceTree = SOURCE_ROOT; };
		8B7E63D3243DD1B9000BB76D /* CountlyUserDetails.h */ = {isa = PBXFileReference; fileEncoding = 4; lastKnownFileType = sourcecode.c.h; name = CountlyUserDetails.h; path = Pods/Countly/CountlyUserDetails.h; sourceTree = SOURCE_ROOT; };
		8B7E63D4243DD1B9000BB76D /* Countly.m */ = {isa = PBXFileReference; fileEncoding = 4; lastKnownFileType = sourcecode.c.objc; name = Countly.m; path = Pods/Countly/Countly.m; sourceTree = SOURCE_ROOT; };
		8B7E63D5243DD1B9000BB76D /* CountlyLocationManager.m */ = {isa = PBXFileReference; fileEncoding = 4; lastKnownFileType = sourcecode.c.objc; name = CountlyLocationManager.m; path = Pods/Countly/CountlyLocationManager.m; sourceTree = SOURCE_ROOT; };
		8B7E63D6243DD1B9000BB76D /* CountlyConsentManager.m */ = {isa = PBXFileReference; fileEncoding = 4; lastKnownFileType = sourcecode.c.objc; name = CountlyConsentManager.m; path = Pods/Countly/CountlyConsentManager.m; sourceTree = SOURCE_ROOT; };
		8B7E63D7243DD1B9000BB76D /* CountlyPushNotifications.h */ = {isa = PBXFileReference; fileEncoding = 4; lastKnownFileType = sourcecode.c.h; name = CountlyPushNotifications.h; path = Pods/Countly/CountlyPushNotifications.h; sourceTree = SOURCE_ROOT; };
		8B7E63D8243DD1B9000BB76D /* CountlyRemoteConfig.m */ = {isa = PBXFileReference; fileEncoding = 4; lastKnownFileType = sourcecode.c.objc; name = CountlyRemoteConfig.m; path = Pods/Countly/CountlyRemoteConfig.m; sourceTree = SOURCE_ROOT; };
		8B7E63D9243DD1BA000BB76D /* CountlyNotificationService.h */ = {isa = PBXFileReference; fileEncoding = 4; lastKnownFileType = sourcecode.c.h; name = CountlyNotificationService.h; path = Pods/Countly/CountlyNotificationService.h; sourceTree = SOURCE_ROOT; };
		8B7E63DA243DD1BA000BB76D /* CountlyNotificationService.m */ = {isa = PBXFileReference; fileEncoding = 4; lastKnownFileType = sourcecode.c.objc; name = CountlyNotificationService.m; path = Pods/Countly/CountlyNotificationService.m; sourceTree = SOURCE_ROOT; };
		8B7E63DB243DD1BA000BB76D /* CountlyDeviceInfo.h */ = {isa = PBXFileReference; fileEncoding = 4; lastKnownFileType = sourcecode.c.h; name = CountlyDeviceInfo.h; path = Pods/Countly/CountlyDeviceInfo.h; sourceTree = SOURCE_ROOT; };
		DA5891D81BA9A9FC002B4DB2 /* libcountly-sdk-react-native-bridge.a */ = {isa = PBXFileReference; explicitFileType = archive.ar; includeInIndex = 0; path = "libcountly-sdk-react-native-bridge.a"; sourceTree = BUILT_PRODUCTS_DIR; };
/* End PBXFileReference section */

/* Begin PBXFrameworksBuildPhase section */
		DA5891D51BA9A9FC002B4DB2 /* Frameworks */ = {
			isa = PBXFrameworksBuildPhase;
			buildActionMask = 2147483647;
			files = (
				8B0E0021225527F100C809EF /* OpenGLES.framework in Frameworks */,
				8B0E001F225527EA00C809EF /* CoreTelephony.framework in Frameworks */,
				344C5FC6C85C29F579F09EE0 /* Pods_countly_sdk_react_native_bridge.framework in Frameworks */,
			);
			runOnlyForDeploymentPostprocessing = 0;
		};
/* End PBXFrameworksBuildPhase section */

/* Begin PBXGroup section */
		8B0E001D225527EA00C809EF /* Frameworks */ = {
			isa = PBXGroup;
			children = (
				8B0E0020225527F100C809EF /* OpenGLES.framework */,
				8B0E001E225527EA00C809EF /* CoreTelephony.framework */,
				52A32C7845057DE3E24BABCA /* Pods_countly_sdk_react_native_bridge.framework */,
			);
			name = Frameworks;
			sourceTree = "<group>";
		};
		AD341553C05C4CD2DB4F358A /* Pods */ = {
			isa = PBXGroup;
			children = (
				3CBC73E2DAF5C8B752B35AE3 /* Pods-countly-sdk-react-native-bridge.debug.xcconfig */,
				81E9EE645A50A0CF974ED6CB /* Pods-countly-sdk-react-native-bridge.release.xcconfig */,
			);
			path = Pods;
			sourceTree = "<group>";
		};
		DA5891CF1BA9A9FC002B4DB2 = {
			isa = PBXGroup;
			children = (
				DA5891DA1BA9A9FC002B4DB2 /* src */,
				DA5891D91BA9A9FC002B4DB2 /* Products */,
				8B0E001D225527EA00C809EF /* Frameworks */,
				AD341553C05C4CD2DB4F358A /* Pods */,
			);
			sourceTree = "<group>";
		};
		DA5891D91BA9A9FC002B4DB2 /* Products */ = {
			isa = PBXGroup;
			children = (
				DA5891D81BA9A9FC002B4DB2 /* libcountly-sdk-react-native-bridge.a */,
			);
			name = Products;
			sourceTree = "<group>";
		};
		DA5891DA1BA9A9FC002B4DB2 /* src */ = {
			isa = PBXGroup;
			children = (
				8B7E63BE243DD1B7000BB76D /* Countly.h */,
				8B7E63D4243DD1B9000BB76D /* Countly.m */,
				8B7E63C8243DD1B8000BB76D /* CountlyCommon.h */,
				8B7E63C6243DD1B8000BB76D /* CountlyCommon.m */,
				8B7E63C2243DD1B7000BB76D /* CountlyConfig.h */,
				8B7E63D2243DD1B9000BB76D /* CountlyConfig.m */,
				8B7E63C9243DD1B8000BB76D /* CountlyConnectionManager.h */,
				8B7E63CD243DD1B8000BB76D /* CountlyConnectionManager.m */,
				8B7E63CB243DD1B8000BB76D /* CountlyConsentManager.h */,
				8B7E63D6243DD1B9000BB76D /* CountlyConsentManager.m */,
				8B7E63CA243DD1B8000BB76D /* CountlyCrashReporter.h */,
				8B7E63C3243DD1B7000BB76D /* CountlyCrashReporter.m */,
				8B7E63DB243DD1BA000BB76D /* CountlyDeviceInfo.h */,
				8B7E63C4243DD1B7000BB76D /* CountlyDeviceInfo.m */,
				8B7E63BC243DD1B7000BB76D /* CountlyEvent.h */,
				8B7E63CE243DD1B8000BB76D /* CountlyEvent.m */,
				8B7E63C5243DD1B7000BB76D /* CountlyLocationManager.h */,
				8B7E63D5243DD1B9000BB76D /* CountlyLocationManager.m */,
				8B7E63D9243DD1BA000BB76D /* CountlyNotificationService.h */,
				8B7E63DA243DD1BA000BB76D /* CountlyNotificationService.m */,
				8B7E63BF243DD1B7000BB76D /* CountlyPersistency.h */,
				8B7E63CC243DD1B8000BB76D /* CountlyPersistency.m */,
				8B7E63D7243DD1B9000BB76D /* CountlyPushNotifications.h */,
				8B7E63D1243DD1B8000BB76D /* CountlyPushNotifications.m */,
				8B7E63C1243DD1B7000BB76D /* CountlyRemoteConfig.h */,
				8B7E63D8243DD1B9000BB76D /* CountlyRemoteConfig.m */,
				8B7E63C0243DD1B7000BB76D /* CountlyStarRating.h */,
				8B7E63CF243DD1B8000BB76D /* CountlyStarRating.m */,
				8B7E63D3243DD1B9000BB76D /* CountlyUserDetails.h */,
				8B7E63C7243DD1B8000BB76D /* CountlyUserDetails.m */,
				8B7E63BD243DD1B7000BB76D /* CountlyViewTracking.h */,
				8B7E63D0243DD1B8000BB76D /* CountlyViewTracking.m */,
				8B23E31A2255197D00807805 /* CountlyReactNative.h */,
				8B23E30A2255197B00807805 /* CountlyReactNative.m */,
			);
			path = src;
			sourceTree = "<group>";
		};
/* End PBXGroup section */

/* Begin PBXNativeTarget section */
		DA5891D71BA9A9FC002B4DB2 /* countly-sdk-react-native-bridge */ = {
			isa = PBXNativeTarget;
			buildConfigurationList = DA5891E11BA9A9FC002B4DB2 /* Build configuration list for PBXNativeTarget "countly-sdk-react-native-bridge" */;
			buildPhases = (
				21BCC3F93C56275A6C657673 /* [CP] Check Pods Manifest.lock */,
				DA5891D41BA9A9FC002B4DB2 /* Sources */,
				DA5891D51BA9A9FC002B4DB2 /* Frameworks */,
				DA5891D61BA9A9FC002B4DB2 /* CopyFiles */,
			);
			buildRules = (
			);
			dependencies = (
			);
			name = "countly-sdk-react-native-bridge";
			productName = "countly-sdk-react-native-bridge";
			productReference = DA5891D81BA9A9FC002B4DB2 /* libcountly-sdk-react-native-bridge.a */;
			productType = "com.apple.product-type.library.static";
		};
/* End PBXNativeTarget section */

/* Begin PBXProject section */
		DA5891D01BA9A9FC002B4DB2 /* Project object */ = {
			isa = PBXProject;
			attributes = {
				LastUpgradeCheck = 0700;
				ORGANIZATIONNAME = Learnium;
				TargetAttributes = {
					DA5891D71BA9A9FC002B4DB2 = {
						CreatedOnToolsVersion = 7.0;
					};
				};
			};
			buildConfigurationList = DA5891D31BA9A9FC002B4DB2 /* Build configuration list for PBXProject "countly-sdk-react-native-bridge" */;
			compatibilityVersion = "Xcode 3.2";
			developmentRegion = English;
			hasScannedForEncodings = 0;
			knownRegions = (
				English,
				en,
			);
			mainGroup = DA5891CF1BA9A9FC002B4DB2;
			productRefGroup = DA5891D91BA9A9FC002B4DB2 /* Products */;
			projectDirPath = "";
			projectRoot = "";
			targets = (
				DA5891D71BA9A9FC002B4DB2 /* countly-sdk-react-native-bridge */,
			);
		};
/* End PBXProject section */

/* Begin PBXShellScriptBuildPhase section */
		21BCC3F93C56275A6C657673 /* [CP] Check Pods Manifest.lock */ = {
			isa = PBXShellScriptBuildPhase;
			buildActionMask = 2147483647;
			files = (
			);
			inputFileListPaths = (
			);
			inputPaths = (
				"${PODS_PODFILE_DIR_PATH}/Podfile.lock",
				"${PODS_ROOT}/Manifest.lock",
			);
			name = "[CP] Check Pods Manifest.lock";
			outputFileListPaths = (
			);
			outputPaths = (
				"$(DERIVED_FILE_DIR)/Pods-countly-sdk-react-native-bridge-checkManifestLockResult.txt",
			);
			runOnlyForDeploymentPostprocessing = 0;
			shellPath = /bin/sh;
			shellScript = "diff \"${PODS_PODFILE_DIR_PATH}/Podfile.lock\" \"${PODS_ROOT}/Manifest.lock\" > /dev/null\nif [ $? != 0 ] ; then\n    # print error to STDERR\n    echo \"error: The sandbox is not in sync with the Podfile.lock. Run 'pod install' or update your CocoaPods installation.\" >&2\n    exit 1\nfi\n# This output is used by Xcode 'outputs' to avoid re-running this script phase.\necho \"SUCCESS\" > \"${SCRIPT_OUTPUT_FILE_0}\"\n";
			showEnvVarsInLog = 0;
		};
/* End PBXShellScriptBuildPhase section */

/* Begin PBXSourcesBuildPhase section */
		DA5891D41BA9A9FC002B4DB2 /* Sources */ = {
			isa = PBXSourcesBuildPhase;
			buildActionMask = 2147483647;
			files = (
				8B7E63EA243DD1BA000BB76D /* CountlyRemoteConfig.m in Sources */,
				8B7E63E7243DD1BA000BB76D /* Countly.m in Sources */,
				8B7E63E0243DD1BA000BB76D /* CountlyPersistency.m in Sources */,
				8B7E63E3243DD1BA000BB76D /* CountlyStarRating.m in Sources */,
				8B7E63E4243DD1BA000BB76D /* CountlyViewTracking.m in Sources */,
				8B7E63E2243DD1BA000BB76D /* CountlyEvent.m in Sources */,
				8B7E63EB243DD1BA000BB76D /* CountlyNotificationService.m in Sources */,
				8B7E63E8243DD1BA000BB76D /* CountlyLocationManager.m in Sources */,
				8B7E63E5243DD1BA000BB76D /* CountlyPushNotifications.m in Sources */,
				8B7E63E1243DD1BA000BB76D /* CountlyConnectionManager.m in Sources */,
				8B7E63E6243DD1BA000BB76D /* CountlyConfig.m in Sources */,
				8B7E63DD243DD1BA000BB76D /* CountlyDeviceInfo.m in Sources */,
				8B7E63E9243DD1BA000BB76D /* CountlyConsentManager.m in Sources */,
				8B7E63DE243DD1BA000BB76D /* CountlyCommon.m in Sources */,
				8B23E3372255198200807805 /* CountlyReactNative.m in Sources */,
				8B7E63DC243DD1BA000BB76D /* CountlyCrashReporter.m in Sources */,
				8B7E63DF243DD1BA000BB76D /* CountlyUserDetails.m in Sources */,
			);
			runOnlyForDeploymentPostprocessing = 0;
		};
/* End PBXSourcesBuildPhase section */

/* Begin XCBuildConfiguration section */
		DA5891DF1BA9A9FC002B4DB2 /* Debug */ = {
			isa = XCBuildConfiguration;
			buildSettings = {
				ALWAYS_SEARCH_USER_PATHS = NO;
				CLANG_CXX_LANGUAGE_STANDARD = "gnu++0x";
				CLANG_CXX_LIBRARY = "libc++";
				CLANG_ENABLE_MODULES = YES;
				CLANG_ENABLE_OBJC_ARC = YES;
				CLANG_WARN_BOOL_CONVERSION = YES;
				CLANG_WARN_CONSTANT_CONVERSION = YES;
				CLANG_WARN_DIRECT_OBJC_ISA_USAGE = YES_ERROR;
				CLANG_WARN_EMPTY_BODY = YES;
				CLANG_WARN_ENUM_CONVERSION = YES;
				CLANG_WARN_INT_CONVERSION = YES;
				CLANG_WARN_OBJC_ROOT_CLASS = YES_ERROR;
				CLANG_WARN_UNREACHABLE_CODE = YES;
				CLANG_WARN__DUPLICATE_METHOD_MATCH = YES;
				COPY_PHASE_STRIP = NO;
				DEBUG_INFORMATION_FORMAT = dwarf;
				ENABLE_STRICT_OBJC_MSGSEND = YES;
				ENABLE_TESTABILITY = YES;
				GCC_C_LANGUAGE_STANDARD = gnu99;
				GCC_DYNAMIC_NO_PIC = NO;
				GCC_NO_COMMON_BLOCKS = YES;
				GCC_OPTIMIZATION_LEVEL = 0;
				GCC_PREPROCESSOR_DEFINITIONS = (
					"DEBUG=1",
					"$(inherited)",
				);
				GCC_WARN_64_TO_32_BIT_CONVERSION = YES;
				GCC_WARN_ABOUT_RETURN_TYPE = YES_ERROR;
				GCC_WARN_UNDECLARED_SELECTOR = YES;
				GCC_WARN_UNINITIALIZED_AUTOS = YES_AGGRESSIVE;
				GCC_WARN_UNUSED_FUNCTION = YES;
				GCC_WARN_UNUSED_VARIABLE = YES;
				IPHONEOS_DEPLOYMENT_TARGET = 8.0;
				MTL_ENABLE_DEBUG_INFO = YES;
				ONLY_ACTIVE_ARCH = YES;
				SDKROOT = iphoneos;
			};
			name = Debug;
		};
		DA5891E01BA9A9FC002B4DB2 /* Release */ = {
			isa = XCBuildConfiguration;
			buildSettings = {
				ALWAYS_SEARCH_USER_PATHS = NO;
				CLANG_CXX_LANGUAGE_STANDARD = "gnu++0x";
				CLANG_CXX_LIBRARY = "libc++";
				CLANG_ENABLE_MODULES = YES;
				CLANG_ENABLE_OBJC_ARC = YES;
				CLANG_WARN_BOOL_CONVERSION = YES;
				CLANG_WARN_CONSTANT_CONVERSION = YES;
				CLANG_WARN_DIRECT_OBJC_ISA_USAGE = YES_ERROR;
				CLANG_WARN_EMPTY_BODY = YES;
				CLANG_WARN_ENUM_CONVERSION = YES;
				CLANG_WARN_INT_CONVERSION = YES;
				CLANG_WARN_OBJC_ROOT_CLASS = YES_ERROR;
				CLANG_WARN_UNREACHABLE_CODE = YES;
				CLANG_WARN__DUPLICATE_METHOD_MATCH = YES;
				COPY_PHASE_STRIP = NO;
				DEBUG_INFORMATION_FORMAT = "dwarf-with-dsym";
				ENABLE_NS_ASSERTIONS = NO;
				ENABLE_STRICT_OBJC_MSGSEND = YES;
				GCC_C_LANGUAGE_STANDARD = gnu99;
				GCC_NO_COMMON_BLOCKS = YES;
				GCC_WARN_64_TO_32_BIT_CONVERSION = YES;
				GCC_WARN_ABOUT_RETURN_TYPE = YES_ERROR;
				GCC_WARN_UNDECLARED_SELECTOR = YES;
				GCC_WARN_UNINITIALIZED_AUTOS = YES_AGGRESSIVE;
				GCC_WARN_UNUSED_FUNCTION = YES;
				GCC_WARN_UNUSED_VARIABLE = YES;
				IPHONEOS_DEPLOYMENT_TARGET = 8.0;
				MTL_ENABLE_DEBUG_INFO = NO;
				SDKROOT = iphoneos;
				VALIDATE_PRODUCT = YES;
			};
			name = Release;
		};
		DA5891E21BA9A9FC002B4DB2 /* Debug */ = {
			isa = XCBuildConfiguration;
			baseConfigurationReference = 3CBC73E2DAF5C8B752B35AE3 /* Pods-countly-sdk-react-native-bridge.debug.xcconfig */;
			buildSettings = {
				HEADER_SEARCH_PATHS = (
					"$(inherited)",
					"$(BUILT_PRODUCTS_DIR)/usr/local/include",
					"$(SRCROOT)/../../React/**",
					"$(SRCROOT)/node_modules/react-native/React/**",
					"$(SRCROOT)/../react-native/React/**",
					"$(SRCROOT)/../../../node_modules/react-native/React/**",
				);
				IPHONEOS_DEPLOYMENT_TARGET = 8.0;
				OTHER_LDFLAGS = "-ObjC";
				PRODUCT_NAME = "$(TARGET_NAME)";
				SKIP_INSTALL = YES;
			};
			name = Debug;
		};
		DA5891E31BA9A9FC002B4DB2 /* Release */ = {
			isa = XCBuildConfiguration;
			baseConfigurationReference = 81E9EE645A50A0CF974ED6CB /* Pods-countly-sdk-react-native-bridge.release.xcconfig */;
			buildSettings = {
				HEADER_SEARCH_PATHS = (
					"$(inherited)",
					"$(BUILT_PRODUCTS_DIR)/usr/local/include",
					"$(SRCROOT)/../../React/**",
					"$(SRCROOT)/node_modules/react-native/React/**",
					"$(SRCROOT)/../react-native/React/**",
					"$(SRCROOT)/../../../node_modules/react-native/React/**",
				);
				IPHONEOS_DEPLOYMENT_TARGET = 8.0;
				OTHER_LDFLAGS = "-ObjC";
				PRODUCT_NAME = "$(TARGET_NAME)";
				SKIP_INSTALL = YES;
			};
			name = Release;
		};
/* End XCBuildConfiguration section */

/* Begin XCConfigurationList section */
		DA5891D31BA9A9FC002B4DB2 /* Build configuration list for PBXProject "countly-sdk-react-native-bridge" */ = {
			isa = XCConfigurationList;
			buildConfigurations = (
				DA5891DF1BA9A9FC002B4DB2 /* Debug */,
				DA5891E01BA9A9FC002B4DB2 /* Release */,
			);
			defaultConfigurationIsVisible = 0;
			defaultConfigurationName = Release;
		};
		DA5891E11BA9A9FC002B4DB2 /* Build configuration list for PBXNativeTarget "countly-sdk-react-native-bridge" */ = {
			isa = XCConfigurationList;
			buildConfigurations = (
				DA5891E21BA9A9FC002B4DB2 /* Debug */,
				DA5891E31BA9A9FC002B4DB2 /* Release */,
			);
			defaultConfigurationIsVisible = 0;
			defaultConfigurationName = Release;
		};
/* End XCConfigurationList section */
	};
	rootObject = DA5891D01BA9A9FC002B4DB2 /* Project object */;
}
